{
  "name": "highlight-selected",
  "version": "0.13.1",
  "lockfileVersion": 1,
  "requires": true,
  "dependencies": {
    "atom-package-deps": {
      "version": "4.6.2",
      "resolved": "https://registry.npmjs.org/atom-package-deps/-/atom-package-deps-4.6.2.tgz",
      "integrity": "sha512-GOcCULZPzpcFfnHo9Oz5fT/EaArFHNs84E4rp/Nox0/GlS1UYkEF44FRdgD+7TxAudRfQAXE0a8wh0GealCXZg==",
      "requires": {
        "atom-package-path": "^1.1.0",
        "sb-fs": "^3.0.0",
        "semver": "^5.3.0"
      }
    },
    "atom-package-path": {
      "version": "1.1.0",
      "resolved": "https://registry.npmjs.org/atom-package-path/-/atom-package-path-1.1.0.tgz",
      "integrity": "sha1-tR/tvADnyM5SI9DYA9t6P09pYU8=",
      "requires": {
        "sb-callsite": "^1.1.2"
      }
    },
    "balanced-match": {
      "version": "1.0.0",
      "resolved": "https://registry.npmjs.org/balanced-match/-/balanced-match-1.0.0.tgz",
      "integrity": "sha1-ibTRmasr7kneFk6gK4nORi1xt2c=",
      "dev": true
    },
    "brace-expansion": {
      "version": "1.1.11",
      "resolved": "https://registry.npmjs.org/brace-expansion/-/brace-expansion-1.1.11.tgz",
      "integrity": "sha512-iCuPHDFgrHX7H2vEI/5xpz07zSHB00TpugqhmYtVmMO6518mCuRMoOYFldEBl0g187ufozdaHgWKcYFb61qGiA==",
      "dev": true,
      "requires": {
        "balanced-match": "^1.0.0",
        "concat-map": "0.0.1"
      }
    },
    "coffeelint": {
      "version": "2.1.0",
      "resolved": "https://registry.npmjs.org/coffeelint/-/coffeelint-2.1.0.tgz",
      "integrity": "sha1-r2XfNjTpmdmsAUgHNsNtPNL12tg=",
      "dev": true,
      "requires": {
        "coffeescript": "^2.1.0",
        "glob": "^7.0.6",
        "ignore": "^3.0.9",
        "optimist": "^0.6.1",
        "resolve": "^0.6.3",
        "strip-json-comments": "^1.0.2"
      }
    },
    "coffeelint-jasmine": {
      "version": "0.0.2",
      "resolved": "https://registry.npmjs.org/coffeelint-jasmine/-/coffeelint-jasmine-0.0.2.tgz",
      "integrity": "sha1-PbGILSucn/+rr7aD4+iRS9CtsUw=",
      "dev": true,
      "requires": {
        "coffee-script": "*"
      },
      "dependencies": {
        "coffee-script": {
          "version": "1.12.7",
          "resolved": "https://registry.npmjs.org/coffee-script/-/coffee-script-1.12.7.tgz",
          "integrity": "sha512-fLeEhqwymYat/MpTPUjSKHVYYl0ec2mOyALEMLmzr5i1isuG+6jfI2j2d5oBO3VIzgUXgBVIcOT9uH1TFxBckw==",
          "dev": true
        }
      }
    },
    "coffeescript": {
      "version": "2.3.1",
      "resolved": "https://registry.npmjs.org/coffeescript/-/coffeescript-2.3.1.tgz",
      "integrity": "sha512-DNJmSPMyiz+OjWYyuDXNBcFutDjP2TS2owsZ8YvT65hA8c5IdHWIBqdA3Yf/XHoK23d/f1HqLjQbEJJZJoeV1w==",
      "dev": true
    },
    "concat-map": {
      "version": "0.0.1",
      "resolved": "https://registry.npmjs.org/concat-map/-/concat-map-0.0.1.tgz",
      "integrity": "sha1-2Klr13/Wjfd5OnMDajug1UBdR3s=",
      "dev": true
    },
    "event-kit": {
      "version": "2.2.0",
      "resolved": "https://registry.npmjs.org/event-kit/-/event-kit-2.2.0.tgz",
      "integrity": "sha1-Kd9Q3q49bUwcYkUbEJJfKGQekos="
    },
    "fs.realpath": {
      "version": "1.0.0",
      "resolved": "https://registry.npmjs.org/fs.realpath/-/fs.realpath-1.0.0.tgz",
      "integrity": "sha1-FQStJSMVjKpA20onh8sBQRmU6k8=",
      "dev": true
    },
    "glob": {
      "version": "7.1.2",
      "resolved": "https://registry.npmjs.org/glob/-/glob-7.1.2.tgz",
      "integrity": "sha512-MJTUg1kjuLeQCJ+ccE4Vpa6kKVXkPYJ2mOCQyUuKLcLQsdrMCpBPUi8qVE6+YuaJkozeA9NusTAw3hLr8Xe5EQ==",
      "dev": true,
      "requires": {
        "fs.realpath": "^1.0.0",
        "inflight": "^1.0.4",
        "inherits": "2",
        "minimatch": "^3.0.4",
        "once": "^1.3.0",
        "path-is-absolute": "^1.0.0"
      }
    },
    "grim": {
      "version": "2.0.1",
      "resolved": "https://registry.npmjs.org/grim/-/grim-2.0.1.tgz",
      "integrity": "sha1-Kyb4kmmfObX2lSveWI589AcLab4=",
      "requires": {
        "event-kit": "^2.0.0"
      }
    },
    "ignore": {
      "version": "3.3.10",
      "resolved": "https://registry.npmjs.org/ignore/-/ignore-3.3.10.tgz",
      "integrity": "sha512-Pgs951kaMm5GXP7MOvxERINe3gsaVjUWFm+UZPSq9xYriQAksyhg0csnS0KXSNRD5NmNdapXEpjxG49+AKh/ug==",
      "dev": true
    },
    "inflight": {
      "version": "1.0.6",
      "resolved": "https://registry.npmjs.org/inflight/-/inflight-1.0.6.tgz",
      "integrity": "sha1-Sb1jMdfQLQwJvJEKEHW6gWW1bfk=",
      "dev": true,
      "requires": {
        "once": "^1.3.0",
        "wrappy": "1"
      }
    },
    "inherits": {
      "version": "2.0.3",
      "resolved": "https://registry.npmjs.org/inherits/-/inherits-2.0.3.tgz",
      "integrity": "sha1-Yzwsg+PaQqUC9SRmAiSA9CCCYd4=",
      "dev": true
    },
    "is-utf8": {
      "version": "0.2.1",
      "resolved": "https://registry.npmjs.org/is-utf8/-/is-utf8-0.2.1.tgz",
      "integrity": "sha1-Sw2hRCEE0bM2NA6AeX6GXPOffXI="
    },
    "minimatch": {
      "version": "3.0.4",
      "resolved": "https://registry.npmjs.org/minimatch/-/minimatch-3.0.4.tgz",
      "integrity": "sha512-yJHVQEhyqPLUTgt9B83PXu6W3rx4MvvHvSUvToogpwoGDOUQ+yDrR0HRot+yOCdCO7u4hX3pWft6kWBBcqh0UA==",
      "dev": true,
      "requires": {
        "brace-expansion": "^1.1.7"
      }
    },
    "minimist": {
      "version": "0.0.10",
      "resolved": "https://registry.npmjs.org/minimist/-/minimist-0.0.10.tgz",
      "integrity": "sha1-3j+YVD2/lggr5IrRoMfNqDYwHc8=",
      "dev": true
    },
    "once": {
      "version": "1.4.0",
      "resolved": "https://registry.npmjs.org/once/-/once-1.4.0.tgz",
      "integrity": "sha1-WDsap3WWHUsROsF9nFC6753Xa9E=",
      "dev": true,
      "requires": {
        "wrappy": "1"
      }
    },
    "optimist": {
      "version": "0.6.1",
      "resolved": "https://registry.npmjs.org/optimist/-/optimist-0.6.1.tgz",
      "integrity": "sha1-2j6nRob6IaGaERwybpDrFaAZZoY=",
      "dev": true,
      "requires": {
        "minimist": "~0.0.1",
        "wordwrap": "~0.0.2"
      }
    },
    "path-is-absolute": {
      "version": "1.0.1",
      "resolved": "https://registry.npmjs.org/path-is-absolute/-/path-is-absolute-1.0.1.tgz",
      "integrity": "sha1-F0uSaHNVNP+8es5r9TpanhtcX18=",
      "dev": true
    },
    "resolve": {
      "version": "0.6.3",
      "resolved": "https://registry.npmjs.org/resolve/-/resolve-0.6.3.tgz",
      "integrity": "sha1-3ZV5gufnNt699TtYpN2RdUV13UY=",
      "dev": true
    },
    "sb-callsite": {
      "version": "1.1.2",
      "resolved": "https://registry.npmjs.org/sb-callsite/-/sb-callsite-1.1.2.tgz",
      "integrity": "sha1-KBkftm1k46PukghKlakPy1ECJDs="
    },
    "sb-fs": {
      "version": "3.0.0",
      "resolved": "https://registry.npmjs.org/sb-fs/-/sb-fs-3.0.0.tgz",
      "integrity": "sha1-+9zdMBDoChuOJ0kM7zNgZJdCA7g=",
      "requires": {
        "sb-promisify": "^2.0.1",
        "strip-bom-buf": "^1.0.0"
      }
    },
    "sb-promisify": {
      "version": "2.0.2",
      "resolved": "https://registry.npmjs.org/sb-promisify/-/sb-promisify-2.0.2.tgz",
      "integrity": "sha1-QnelR1RIiqlnXYhuNU24lMm9yYE="
    },
    "semver": {
      "version": "5.5.0",
      "resolved": "https://registry.npmjs.org/semver/-/semver-5.5.0.tgz",
      "integrity": "sha512-4SJ3dm0WAwWy/NVeioZh5AntkdJoWKxHxcmyP622fOkgHa4z3R0TdBJICINyaSDE6uNwVc8gZr+ZinwZAH4xIA=="
    },
    "strip-bom-buf": {
      "version": "1.0.0",
      "resolved": "https://registry.npmjs.org/strip-bom-buf/-/strip-bom-buf-1.0.0.tgz",
      "integrity": "sha1-HLRar1dTD0yvhsf3UXnSyaUd1XI=",
      "requires": {
        "is-utf8": "^0.2.1"
      }
    },
    "strip-json-comments": {
      "version": "1.0.4",
      "resolved": "https://registry.npmjs.org/strip-json-comments/-/strip-json-comments-1.0.4.tgz",
      "integrity": "sha1-HhX7ysl9Pumb8tc7TGVrCCu6+5E=",
      "dev": true
    },
    "wordwrap": {
      "version": "0.0.3",
      "resolved": "https://registry.npmjs.org/wordwrap/-/wordwrap-0.0.3.tgz",
      "integrity": "sha1-o9XabNXAvAAI03I0u68b7WMFkQc=",
      "dev": true
    },
    "wrappy": {
      "version": "1.0.2",
      "resolved": "https://registry.npmjs.org/wrappy/-/wrappy-1.0.2.tgz",
      "integrity": "sha1-tSQ9jz7BqjXxNkYFvA0QNuMKtp8=",
      "dev": true
    }
  }
}
