{
  "name": "highlight-selected",
  "version": "0.17.0",
  "lockfileVersion": 2,
  "requires": true,
  "packages": {
    "": {
      "name": "highlight-selected",
      "version": "0.17.0",
      "license": "MIT",
      "dependencies": {
        "atom-package-deps": "^7.0.0",
        "debounce": "^1.2.0",
        "grim": "^2.0.2"
      },
      "engines": {
        "atom": ">=1.13.0 <2.0.0"
      }
    },
    "node_modules/atom-package-deps": {
      "version": "7.2.3",
      "resolved": "https://registry.npmjs.org/atom-package-deps/-/atom-package-deps-7.2.3.tgz",
      "integrity": "sha512-Z1FHJS2c2xBN3wQVniG7jXDyE4mUjZlHA0tfIkCND9U/fHaZyBJPno4/jD8PtYUnhlymaHRbCsgxCU3QuKjqfQ==",
      "bin": {
        "atom-package-deps": "lib/bin.js"
      }
    },
    "node_modules/debounce": {
      "version": "1.2.1",
      "resolved": "https://registry.npmjs.org/debounce/-/debounce-1.2.1.tgz",
      "integrity": "sha512-XRRe6Glud4rd/ZGQfiV1ruXSfbvfJedlV9Y6zOlP+2K04vBYiJEte6stfFkCP03aMnY5tsipamumUjL14fofug=="
    },
    "node_modules/event-kit": {
      "version": "2.5.3",
      "resolved": "https://registry.npmjs.org/event-kit/-/event-kit-2.5.3.tgz",
      "integrity": "sha512-b7Qi1JNzY4BfAYfnIRanLk0DOD1gdkWHT4GISIn8Q2tAf3LpU8SP2CMwWaq40imYoKWbtN4ZhbSRxvsnikooZQ=="
    },
    "node_modules/grim": {
      "version": "2.0.3",
      "resolved": "https://registry.npmjs.org/grim/-/grim-2.0.3.tgz",
      "integrity": "sha512-FM20Ump11qYLK9k9DbL8yzVpy+YBieya1JG15OeH8s+KbHq8kL4SdwRtURwIUHniSxb24EoBUpwKfFjGNVi4/Q==",
      "dependencies": {
        "event-kit": "^2.0.0"
      }
    }
  },
  "dependencies": {
    "atom-package-deps": {
      "version": "7.2.3",
      "resolved": "https://registry.npmjs.org/atom-package-deps/-/atom-package-deps-7.2.3.tgz",
      "integrity": "sha512-Z1FHJS2c2xBN3wQVniG7jXDyE4mUjZlHA0tfIkCND9U/fHaZyBJPno4/jD8PtYUnhlymaHRbCsgxCU3QuKjqfQ=="
    },
    "debounce": {
      "version": "1.2.1",
      "resolved": "https://registry.npmjs.org/debounce/-/debounce-1.2.1.tgz",
      "integrity": "sha512-XRRe6Glud4rd/ZGQfiV1ruXSfbvfJedlV9Y6zOlP+2K04vBYiJEte6stfFkCP03aMnY5tsipamumUjL14fofug=="
    },
    "event-kit": {
      "version": "2.5.3",
      "resolved": "https://registry.npmjs.org/event-kit/-/event-kit-2.5.3.tgz",
      "integrity": "sha512-b7Qi1JNzY4BfAYfnIRanLk0DOD1gdkWHT4GISIn8Q2tAf3LpU8SP2CMwWaq40imYoKWbtN4ZhbSRxvsnikooZQ=="
    },
    "grim": {
      "version": "2.0.3",
      "resolved": "https://registry.npmjs.org/grim/-/grim-2.0.3.tgz",
      "integrity": "sha512-FM20Ump11qYLK9k9DbL8yzVpy+YBieya1JG15OeH8s+KbHq8kL4SdwRtURwIUHniSxb24EoBUpwKfFjGNVi4/Q==",
      "requires": {
        "event-kit": "^2.0.0"
      }
    }
  }
}
